
Microsoft Visual Studio Solution File, Format Version 12.00
# Visual Studio Version 16
VisualStudioVersion = 16.0.28729.10
MinimumVisualStudioVersion = 10.0.40219.1
Project("{FAE04EC0-301F-11D3-BF4B-00C04F79EFBC}") = "Blockchain", "Blockchain\Blockchain.csproj", "{77AF87A7-2ABA-4942-A257-7EB2F763C364}"
EndProject
Global
	GlobalSection(SolutionConfigurationPlatforms) = preSolution
		Debug|Any CPU = Debug|Any CPU
		Release|Any CPU = Release|Any CPU
	EndGlobalSection
	GlobalSection(ProjectConfigurationPlatforms) = postSolution
		{77AF87A7-2ABA-4942-A257-7EB2F763C364}.Debug|Any CPU.ActiveCfg = Debug|Any CPU
		{77AF87A7-2ABA-4942-A257-7EB2F763C364}.Debug|Any CPU.Build.0 = Debug|Any CPU
		{77AF87A7-2ABA-4942-A257-7EB2F763C364}.Release|Any CPU.ActiveCfg = Release|Any CPU
		{77AF87A7-2ABA-4942-A257-7EB2F763C364}.Release|Any CPU.Build.0 = Release|Any CPU
	EndGlobalSection
	GlobalSection(SolutionProperties) = preSolution
		HideSolutionNode = FALSE
	EndGlobalSection
	GlobalSection(ExtensibilityGlobals) = postSolution
		SolutionGuid = {8A992A77-1879-4B91-B600-9EF25EE97C0F}
	EndGlobalSection
EndGlobal
